// !$*UTF8*$!
{
	archiveVersion = 1;
	classes = {
	};
	objectVersion = 50;
	objects = {

/* Begin PBXBuildFile section */
		0E5644F2806DFA5D22A91400 /* Pods_RestaurantsApp.framework in Frameworks */ = {isa = PBXBuildFile; fileRef = C0FB7A9689E10823B2855B6B /* Pods_RestaurantsApp.framework */; };
		14C04B10220FB28A0038E3D7 /* AppDelegate.swift in Sources */ = {isa = PBXBuildFile; fileRef = 14C04B0F220FB28A0038E3D7 /* AppDelegate.swift */; };
		14C04B12220FB28A0038E3D7 /* ViewController.swift in Sources */ = {isa = PBXBuildFile; fileRef = 14C04B11220FB28A0038E3D7 /* ViewController.swift */; };
		14C04B15220FB28A0038E3D7 /* Main.storyboard in Resources */ = {isa = PBXBuildFile; fileRef = 14C04B13220FB28A0038E3D7 /* Main.storyboard */; };
		14C04B17220FB28C0038E3D7 /* Assets.xcassets in Resources */ = {isa = PBXBuildFile; fileRef = 14C04B16220FB28C0038E3D7 /* Assets.xcassets */; };
		14C04B1A220FB28C0038E3D7 /* LaunchScreen.storyboard in Resources */ = {isa = PBXBuildFile; fileRef = 14C04B18220FB28C0038E3D7 /* LaunchScreen.storyboard */; };
		14C04B24220FB2E20038E3D7 /* BaseView.swift in Sources */ = {isa = PBXBuildFile; fileRef = 14C04B23220FB2E20038E3D7 /* BaseView.swift */; };
		14C04B2A220FB3320038E3D7 /* LocationViewController.swift in Sources */ = {isa = PBXBuildFile; fileRef = 14C04B29220FB3320038E3D7 /* LocationViewController.swift */; };
		14C04B2C220FB3610038E3D7 /* LocationView.swift in Sources */ = {isa = PBXBuildFile; fileRef = 14C04B2B220FB3610038E3D7 /* LocationView.swift */; };
		14C04B2E220FB39A0038E3D7 /* RestaurantTableViewController.swift in Sources */ = {isa = PBXBuildFile; fileRef = 14C04B2D220FB39A0038E3D7 /* RestaurantTableViewController.swift */; };
		14C04B31220FB3E70038E3D7 /* RestaurantTableViewCell.swift in Sources */ = {isa = PBXBuildFile; fileRef = 14C04B30220FB3E70038E3D7 /* RestaurantTableViewCell.swift */; };
		14C04B33220FB4210038E3D7 /* DetailsFoodViewController.swift in Sources */ = {isa = PBXBuildFile; fileRef = 14C04B32220FB4210038E3D7 /* DetailsFoodViewController.swift */; };
		14C04B36220FB47D0038E3D7 /* DetailsFoodView.swift in Sources */ = {isa = PBXBuildFile; fileRef = 14C04B35220FB47D0038E3D7 /* DetailsFoodView.swift */; };
		14C04B38220FB4BE0038E3D7 /* LocationService.swift in Sources */ = {isa = PBXBuildFile; fileRef = 14C04B37220FB4BE0038E3D7 /* LocationService.swift */; };
		14C04B88221BDCF80038E3D7 /* NetworkService.swift in Sources */ = {isa = PBXBuildFile; fileRef = 14C04B87221BDCF80038E3D7 /* NetworkService.swift */; };
		14C04B8C221C75A40038E3D7 /* Models.swift in Sources */ = {isa = PBXBuildFile; fileRef = 14C04B8B221C75A40038E3D7 /* Models.swift */; };
		14C04B8E2221C38D0038E3D7 /* DetailsCollectionViewCell.swift in Sources */ = {isa = PBXBuildFile; fileRef = 14C04B8D2221C38D0038E3D7 /* DetailsCollectionViewCell.swift */; };
/* End PBXBuildFile section */

/* Begin PBXFileReference section */
		14C04B0C220FB28A0038E3D7 /* RestaurantsApp.app */ = {isa = PBXFileReference; explicitFileType = wrapper.application; includeInIndex = 0; path = RestaurantsApp.app; sourceTree = BUILT_PRODUCTS_DIR; };
		14C04B0F220FB28A0038E3D7 /* AppDelegate.swift */ = {isa = PBXFileReference; lastKnownFileType = sourcecode.swift; path = AppDelegate.swift; sourceTree = "<group>"; };
		14C04B11220FB28A0038E3D7 /* ViewController.swift */ = {isa = PBXFileReference; lastKnownFileType = sourcecode.swift; path = ViewController.swift; sourceTree = "<group>"; };
		14C04B14220FB28A0038E3D7 /* Base */ = {isa = PBXFileReference; lastKnownFileType = file.storyboard; name = Base; path = Base.lproj/Main.storyboard; sourceTree = "<group>"; };
		14C04B16220FB28C0038E3D7 /* Assets.xcassets */ = {isa = PBXFileReference; lastKnownFileType = folder.assetcatalog; path = Assets.xcassets; sourceTree = "<group>"; };
		14C04B19220FB28C0038E3D7 /* Base */ = {isa = PBXFileReference; lastKnownFileType = file.storyboard; name = Base; path = Base.lproj/LaunchScreen.storyboard; sourceTree = "<group>"; };
		14C04B1B220FB28C0038E3D7 /* Info.plist */ = {isa = PBXFileReference; lastKnownFileType = text.plist.xml; path = Info.plist; sourceTree = "<group>"; };
		14C04B23220FB2E20038E3D7 /* BaseView.swift */ = {isa = PBXFileReference; lastKnownFileType = sourcecode.swift; path = BaseView.swift; sourceTree = "<group>"; };
		14C04B29220FB3320038E3D7 /* LocationViewController.swift */ = {isa = PBXFileReference; lastKnownFileType = sourcecode.swift; path = LocationViewController.swift; sourceTree = "<group>"; };
		14C04B2B220FB3610038E3D7 /* LocationView.swift */ = {isa = PBXFileReference; lastKnownFileType = sourcecode.swift; path = LocationView.swift; sourceTree = "<group>"; };
		14C04B2D220FB39A0038E3D7 /* RestaurantTableViewController.swift */ = {isa = PBXFileReference; lastKnownFileType = sourcecode.swift; path = RestaurantTableViewController.swift; sourceTree = "<group>"; };
		14C04B30220FB3E70038E3D7 /* RestaurantTableViewCell.swift */ = {isa = PBXFileReference; lastKnownFileType = sourcecode.swift; path = RestaurantTableViewCell.swift; sourceTree = "<group>"; };
		14C04B32220FB4210038E3D7 /* DetailsFoodViewController.swift */ = {isa = PBXFileReference; lastKnownFileType = sourcecode.swift; path = DetailsFoodViewController.swift; sourceTree = "<group>"; };
		14C04B35220FB47D0038E3D7 /* DetailsFoodView.swift */ = {isa = PBXFileReference; lastKnownFileType = sourcecode.swift; path = DetailsFoodView.swift; sourceTree = "<group>"; };
		14C04B37220FB4BE0038E3D7 /* LocationService.swift */ = {isa = PBXFileReference; lastKnownFileType = sourcecode.swift; path = LocationService.swift; sourceTree = "<group>"; };
		14C04B87221BDCF80038E3D7 /* NetworkService.swift */ = {isa = PBXFileReference; lastKnownFileType = sourcecode.swift; path = NetworkService.swift; sourceTree = "<group>"; };
		14C04B8B221C75A40038E3D7 /* Models.swift */ = {isa = PBXFileReference; lastKnownFileType = sourcecode.swift; path = Models.swift; sourceTree = "<group>"; };
		14C04B8D2221C38D0038E3D7 /* DetailsCollectionViewCell.swift */ = {isa = PBXFileReference; lastKnownFileType = sourcecode.swift; path = DetailsCollectionViewCell.swift; sourceTree = "<group>"; };
		515ADAC1B8C254336537BD43 /* Pods-RestaurantsApp.debug.xcconfig */ = {isa = PBXFileReference; includeInIndex = 1; lastKnownFileType = text.xcconfig; name = "Pods-RestaurantsApp.debug.xcconfig"; path = "Pods/Target Support Files/Pods-RestaurantsApp/Pods-RestaurantsApp.debug.xcconfig"; sourceTree = "<group>"; };
		B633936447B07A3050B53C56 /* Pods-RestaurantsApp.release.xcconfig */ = {isa = PBXFileReference; includeInIndex = 1; lastKnownFileType = text.xcconfig; name = "Pods-RestaurantsApp.release.xcconfig"; path = "Pods/Target Support Files/Pods-RestaurantsApp/Pods-RestaurantsApp.release.xcconfig"; sourceTree = "<group>"; };
		C0FB7A9689E10823B2855B6B /* Pods_RestaurantsApp.framework */ = {isa = PBXFileReference; explicitFileType = wrapper.framework; includeInIndex = 0; path = Pods_RestaurantsApp.framework; sourceTree = BUILT_PRODUCTS_DIR; };
/* End PBXFileReference section */

/* Begin PBXFrameworksBuildPhase section */
		14C04B09220FB28A0038E3D7 /* Frameworks */ = {
			isa = PBXFrameworksBuildPhase;
			buildActionMask = 2147483647;
			files = (
				0E5644F2806DFA5D22A91400 /* Pods_RestaurantsApp.framework in Frameworks */,
			);
			runOnlyForDeploymentPostprocessing = 0;
		};
/* End PBXFrameworksBuildPhase section */

/* Begin PBXGroup section */
		14C04B03220FB28A0038E3D7 = {
			isa = PBXGroup;
			children = (
				14C04B0E220FB28A0038E3D7 /* RestaurantsApp */,
				14C04B0D220FB28A0038E3D7 /* Products */,
				E0364F82BA88455219E17103 /* Pods */,
				56A2E19DA1BE4412C3A70D2E /* Frameworks */,
			);
			sourceTree = "<group>";
		};
		14C04B0D220FB28A0038E3D7 /* Products */ = {
			isa = PBXGroup;
			children = (
				14C04B0C220FB28A0038E3D7 /* RestaurantsApp.app */,
			);
			name = Products;
			sourceTree = "<group>";
		};
		14C04B0E220FB28A0038E3D7 /* RestaurantsApp */ = {
			isa = PBXGroup;
			children = (
				14C04B22220FB2B70038E3D7 /* Services */,
				14C04B21220FB2A70038E3D7 /* Screen */,
				14C04B0F220FB28A0038E3D7 /* AppDelegate.swift */,
				14C04B11220FB28A0038E3D7 /* ViewController.swift */,
				14C04B13220FB28A0038E3D7 /* Main.storyboard */,
				14C04B16220FB28C0038E3D7 /* Assets.xcassets */,
				14C04B18220FB28C0038E3D7 /* LaunchScreen.storyboard */,
				14C04B1B220FB28C0038E3D7 /* Info.plist */,
			);
			path = RestaurantsApp;
			sourceTree = "<group>";
		};
		14C04B21220FB2A70038E3D7 /* Screen */ = {
			isa = PBXGroup;
			children = (
				14C04B27220FB3080038E3D7 /* Location */,
				14C04B26220FB3000038E3D7 /* List */,
				14C04B25220FB2F40038E3D7 /* Details */,
				14C04B23220FB2E20038E3D7 /* BaseView.swift */,
			);
			path = Screen;
			sourceTree = "<group>";
		};
		14C04B22220FB2B70038E3D7 /* Services */ = {
			isa = PBXGroup;
			children = (
				14C04B37220FB4BE0038E3D7 /* LocationService.swift */,
				14C04B87221BDCF80038E3D7 /* NetworkService.swift */,
			);
			path = Services;
			sourceTree = "<group>";
		};
		14C04B25220FB2F40038E3D7 /* Details */ = {
			isa = PBXGroup;
			children = (
				14C04B34220FB45A0038E3D7 /* Views */,
				14C04B32220FB4210038E3D7 /* DetailsFoodViewController.swift */,
			);
			path = Details;
			sourceTree = "<group>";
		};
		14C04B26220FB3000038E3D7 /* List */ = {
			isa = PBXGroup;
			children = (
				14C04B2F220FB3C40038E3D7 /* Views */,
				14C04B2D220FB39A0038E3D7 /* RestaurantTableViewController.swift */,
				14C04B8B221C75A40038E3D7 /* Models.swift */,
			);
			path = List;
			sourceTree = "<group>";
		};
		14C04B27220FB3080038E3D7 /* Location */ = {
			isa = PBXGroup;
			children = (
				14C04B28220FB3190038E3D7 /* Views */,
				14C04B29220FB3320038E3D7 /* LocationViewController.swift */,
			);
			path = Location;
			sourceTree = "<group>";
		};
		14C04B28220FB3190038E3D7 /* Views */ = {
			isa = PBXGroup;
			children = (
				14C04B2B220FB3610038E3D7 /* LocationView.swift */,
			);
			path = Views;
			sourceTree = "<group>";
		};
		14C04B2F220FB3C40038E3D7 /* Views */ = {
			isa = PBXGroup;
			children = (
				14C04B30220FB3E70038E3D7 /* RestaurantTableViewCell.swift */,
			);
			path = Views;
			sourceTree = "<group>";
		};
		14C04B34220FB45A0038E3D7 /* Views */ = {
			isa = PBXGroup;
			children = (
				14C04B35220FB47D0038E3D7 /* DetailsFoodView.swift */,
				14C04B8D2221C38D0038E3D7 /* DetailsCollectionViewCell.swift */,
			);
			path = Views;
			sourceTree = "<group>";
		};
		56A2E19DA1BE4412C3A70D2E /* Frameworks */ = {
			isa = PBXGroup;
			children = (
				C0FB7A9689E10823B2855B6B /* Pods_RestaurantsApp.framework */,
			);
			name = Frameworks;
			sourceTree = "<group>";
		};
		E0364F82BA88455219E17103 /* Pods */ = {
			isa = PBXGroup;
			children = (
				515ADAC1B8C254336537BD43 /* Pods-RestaurantsApp.debug.xcconfig */,
				B633936447B07A3050B53C56 /* Pods-RestaurantsApp.release.xcconfig */,
			);
			name = Pods;
			sourceTree = "<group>";
		};
/* End PBXGroup section */

/* Begin PBXNativeTarget section */
		14C04B0B220FB28A0038E3D7 /* RestaurantsApp */ = {
			isa = PBXNativeTarget;
			buildConfigurationList = 14C04B1E220FB28C0038E3D7 /* Build configuration list for PBXNativeTarget "RestaurantsApp" */;
			buildPhases = (
				84A0BCCCC0D127BAE61B94CB /* [CP] Check Pods Manifest.lock */,
				14C04B08220FB28A0038E3D7 /* Sources */,
				14C04B09220FB28A0038E3D7 /* Frameworks */,
				14C04B0A220FB28A0038E3D7 /* Resources */,
				682E79F5EF094CE30DDE4FD3 /* [CP] Embed Pods Frameworks */,
			);
			buildRules = (
			);
			dependencies = (
			);
			name = RestaurantsApp;
			productName = RestaurantsApp;
			productReference = 14C04B0C220FB28A0038E3D7 /* RestaurantsApp.app */;
			productType = "com.apple.product-type.application";
		};
/* End PBXNativeTarget section */

/* Begin PBXProject section */
		14C04B04220FB28A0038E3D7 /* Project object */ = {
			isa = PBXProject;
			attributes = {
				LastSwiftUpdateCheck = 1010;
				LastUpgradeCheck = 1010;
				ORGANIZATIONNAME = "Noura Aziz";
				TargetAttributes = {
					14C04B0B220FB28A0038E3D7 = {
						CreatedOnToolsVersion = 10.1;
					};
				};
			};
			buildConfigurationList = 14C04B07220FB28A0038E3D7 /* Build configuration list for PBXProject "RestaurantsApp" */;
			compatibilityVersion = "Xcode 9.3";
			developmentRegion = en;
			hasScannedForEncodings = 0;
			knownRegions = (
				en,
				Base,
			);
			mainGroup = 14C04B03220FB28A0038E3D7;
			productRefGroup = 14C04B0D220FB28A0038E3D7 /* Products */;
			projectDirPath = "";
			projectRoot = "";
			targets = (
				14C04B0B220FB28A0038E3D7 /* RestaurantsApp */,
			);
		};
/* End PBXProject section */

/* Begin PBXResourcesBuildPhase section */
		14C04B0A220FB28A0038E3D7 /* Resources */ = {
			isa = PBXResourcesBuildPhase;
			buildActionMask = 2147483647;
			files = (
				14C04B1A220FB28C0038E3D7 /* LaunchScreen.storyboard in Resources */,
				14C04B17220FB28C0038E3D7 /* Assets.xcassets in Resources */,
				14C04B15220FB28A0038E3D7 /* Main.storyboard in Resources */,
			);
			runOnlyForDeploymentPostprocessing = 0;
		};
/* End PBXResourcesBuildPhase section */

/* Begin PBXShellScriptBuildPhase section */
		682E79F5EF094CE30DDE4FD3 /* [CP] Embed Pods Frameworks */ = {
			isa = PBXShellScriptBuildPhase;
			buildActionMask = 2147483647;
			files = (
			);
			inputPaths = (
				"${SRCROOT}/Pods/Target Support Files/Pods-RestaurantsApp/Pods-RestaurantsApp-frameworks.sh",
				"${BUILT_PRODUCTS_DIR}/Alamofire/Alamofire.framework",
				"${BUILT_PRODUCTS_DIR}/AlamofireImage/AlamofireImage.framework",
				"${BUILT_PRODUCTS_DIR}/Moya/Moya.framework",
				"${BUILT_PRODUCTS_DIR}/Result/Result.framework",
			);
			name = "[CP] Embed Pods Frameworks";
			outputPaths = (
				"${TARGET_BUILD_DIR}/${FRAMEWORKS_FOLDER_PATH}/Alamofire.framework",
				"${TARGET_BUILD_DIR}/${FRAMEWORKS_FOLDER_PATH}/AlamofireImage.framework",
				"${TARGET_BUILD_DIR}/${FRAMEWORKS_FOLDER_PATH}/Moya.framework",
				"${TARGET_BUILD_DIR}/${FRAMEWORKS_FOLDER_PATH}/Result.framework",
			);
			runOnlyForDeploymentPostprocessing = 0;
			shellPath = /bin/sh;
			shellScript = "\"${SRCROOT}/Pods/Target Support Files/Pods-RestaurantsApp/Pods-RestaurantsApp-frameworks.sh\"\n";
			showEnvVarsInLog = 0;
		};
		84A0BCCCC0D127BAE61B94CB /* [CP] Check Pods Manifest.lock */ = {
			isa = PBXShellScriptBuildPhase;
			buildActionMask = 2147483647;
			files = (
			);
			inputPaths = (
				"${PODS_PODFILE_DIR_PATH}/Podfile.lock",
				"${PODS_ROOT}/Manifest.lock",
			);
			name = "[CP] Check Pods Manifest.lock";
			outputPaths = (
				"$(DERIVED_FILE_DIR)/Pods-RestaurantsApp-checkManifestLockResult.txt",
			);
			runOnlyForDeploymentPostprocessing = 0;
			shellPath = /bin/sh;
			shellScript = "diff \"${PODS_PODFILE_DIR_PATH}/Podfile.lock\" \"${PODS_ROOT}/Manifest.lock\" > /dev/null\nif [ $? != 0 ] ; then\n    # print error to STDERR\n    echo \"error: The sandbox is not in sync with the Podfile.lock. Run 'pod install' or update your CocoaPods installation.\" >&2\n    exit 1\nfi\n# This output is used by Xcode 'outputs' to avoid re-running this script phase.\necho \"SUCCESS\" > \"${SCRIPT_OUTPUT_FILE_0}\"\n";
			showEnvVarsInLog = 0;
		};
/* End PBXShellScriptBuildPhase section */

/* Begin PBXSourcesBuildPhase section */
		14C04B08220FB28A0038E3D7 /* Sources */ = {
			isa = PBXSourcesBuildPhase;
			buildActionMask = 2147483647;
			files = (
				14C04B88221BDCF80038E3D7 /* NetworkService.swift in Sources */,
				14C04B36220FB47D0038E3D7 /* DetailsFoodView.swift in Sources */,
				14C04B24220FB2E20038E3D7 /* BaseView.swift in Sources */,
				14C04B8C221C75A40038E3D7 /* Models.swift in Sources */,
				14C04B38220FB4BE0038E3D7 /* LocationService.swift in Sources */,
				14C04B12220FB28A0038E3D7 /* ViewController.swift in Sources */,
				14C04B2E220FB39A0038E3D7 /* RestaurantTableViewController.swift in Sources */,
				14C04B2C220FB3610038E3D7 /* LocationView.swift in Sources */,
				14C04B10220FB28A0038E3D7 /* AppDelegate.swift in Sources */,
				14C04B8E2221C38D0038E3D7 /* DetailsCollectionViewCell.swift in Sources */,
				14C04B31220FB3E70038E3D7 /* RestaurantTableViewCell.swift in Sources */,
				14C04B2A220FB3320038E3D7 /* LocationViewController.swift in Sources */,
				14C04B33220FB4210038E3D7 /* DetailsFoodViewController.swift in Sources */,
			);
			runOnlyForDeploymentPostprocessing = 0;
		};
/* End PBXSourcesBuildPhase section */

/* Begin PBXVariantGroup section */
		14C04B13220FB28A0038E3D7 /* Main.storyboard */ = {
			isa = PBXVariantGroup;
			children = (
				14C04B14220FB28A0038E3D7 /* Base */,
			);
			name = Main.storyboard;
			sourceTree = "<group>";
		};
		14C04B18220FB28C0038E3D7 /* LaunchScreen.storyboard */ = {
			isa = PBXVariantGroup;
			children = (
				14C04B19220FB28C0038E3D7 /* Base */,
			);
			name = LaunchScreen.storyboard;
			sourceTree = "<group>";
		};
/* End PBXVariantGroup section */

/* Begin XCBuildConfiguration section */
		14C04B1C220FB28C0038E3D7 /* Debug */ = {
			isa = XCBuildConfiguration;
			buildSettings = {
				ALWAYS_SEARCH_USER_PATHS = NO;
				CLANG_ANALYZER_NONNULL = YES;
				CLANG_ANALYZER_NUMBER_OBJECT_CONVERSION = YES_AGGRESSIVE;
				CLANG_CXX_LANGUAGE_STANDARD = "gnu++14";
				CLANG_CXX_LIBRARY = "libc++";
				CLANG_ENABLE_MODULES = YES;
				CLANG_ENABLE_OBJC_ARC = YES;
				CLANG_ENABLE_OBJC_WEAK = YES;
				CLANG_WARN_BLOCK_CAPTURE_AUTORELEASING = YES;
				CLANG_WARN_BOOL_CONVERSION = YES;
				CLANG_WARN_COMMA = YES;
				CLANG_WARN_CONSTANT_CONVERSION = YES;
				CLANG_WARN_DEPRECATED_OBJC_IMPLEMENTATIONS = YES;
				CLANG_WARN_DIRECT_OBJC_ISA_USAGE = YES_ERROR;
				CLANG_WARN_DOCUMENTATION_COMMENTS = YES;
				CLANG_WARN_EMPTY_BODY = YES;
				CLANG_WARN_ENUM_CONVERSION = YES;
				CLANG_WARN_INFINITE_RECURSION = YES;
				CLANG_WARN_INT_CONVERSION = YES;
				CLANG_WARN_NON_LITERAL_NULL_CONVERSION = YES;
				CLANG_WARN_OBJC_IMPLICIT_RETAIN_SELF = YES;
				CLANG_WARN_OBJC_LITERAL_CONVERSION = YES;
				CLANG_WARN_OBJC_ROOT_CLASS = YES_ERROR;
				CLANG_WARN_RANGE_LOOP_ANALYSIS = YES;
				CLANG_WARN_STRICT_PROTOTYPES = YES;
				CLANG_WARN_SUSPICIOUS_MOVE = YES;
				CLANG_WARN_UNGUARDED_AVAILABILITY = YES_AGGRESSIVE;
				CLANG_WARN_UNREACHABLE_CODE = YES;
				CLANG_WARN__DUPLICATE_METHOD_MATCH = YES;
				CODE_SIGN_IDENTITY = "iPhone Developer";
				COPY_PHASE_STRIP = NO;
				DEBUG_INFORMATION_FORMAT = dwarf;
				ENABLE_STRICT_OBJC_MSGSEND = YES;
				ENABLE_TESTABILITY = YES;
				GCC_C_LANGUAGE_STANDARD = gnu11;
				GCC_DYNAMIC_NO_PIC = NO;
				GCC_NO_COMMON_BLOCKS = YES;
				GCC_OPTIMIZATION_LEVEL = 0;
				GCC_PREPROCESSOR_DEFINITIONS = (
					"DEBUG=1",
					"$(inherited)",
				);
				GCC_WARN_64_TO_32_BIT_CONVERSION = YES;
				GCC_WARN_ABOUT_RETURN_TYPE = YES_ERROR;
				GCC_WARN_UNDECLARED_SELECTOR = YES;
				GCC_WARN_UNINITIALIZED_AUTOS = YES_AGGRESSIVE;
				GCC_WARN_UNUSED_FUNCTION = YES;
				GCC_WARN_UNUSED_VARIABLE = YES;
				IPHONEOS_DEPLOYMENT_TARGET = 12.1;
				MTL_ENABLE_DEBUG_INFO = INCLUDE_SOURCE;
				MTL_FAST_MATH = YES;
				ONLY_ACTIVE_ARCH = YES;
				SDKROOT = iphoneos;
				SWIFT_ACTIVE_COMPILATION_CONDITIONS = DEBUG;
				SWIFT_OPTIMIZATION_LEVEL = "-Onone";
			};
			name = Debug;
		};
		14C04B1D220FB28C0038E3D7 /* Release */ = {
			isa = XCBuildConfiguration;
			buildSettings = {
				ALWAYS_SEARCH_USER_PATHS = NO;
				CLANG_ANALYZER_NONNULL = YES;
				CLANG_ANALYZER_NUMBER_OBJECT_CONVERSION = YES_AGGRESSIVE;
				CLANG_CXX_LANGUAGE_STANDARD = "gnu++14";
				CLANG_CXX_LIBRARY = "libc++";
				CLANG_ENABLE_MODULES = YES;
				CLANG_ENABLE_OBJC_ARC = YES;
				CLANG_ENABLE_OBJC_WEAK = YES;
				CLANG_WARN_BLOCK_CAPTURE_AUTORELEASING = YES;
				CLANG_WARN_BOOL_CONVERSION = YES;
				CLANG_WARN_COMMA = YES;
				CLANG_WARN_CONSTANT_CONVERSION = YES;
				CLANG_WARN_DEPRECATED_OBJC_IMPLEMENTATIONS = YES;
				CLANG_WARN_DIRECT_OBJC_ISA_USAGE = YES_ERROR;
				CLANG_WARN_DOCUMENTATION_COMMENTS = YES;
				CLANG_WARN_EMPTY_BODY = YES;
				CLANG_WARN_ENUM_CONVERSION = YES;
				CLANG_WARN_INFINITE_RECURSION = YES;
				CLANG_WARN_INT_CONVERSION = YES;
				CLANG_WARN_NON_LITERAL_NULL_CONVERSION = YES;
				CLANG_WARN_OBJC_IMPLICIT_RETAIN_SELF = YES;
				CLANG_WARN_OBJC_LITERAL_CONVERSION = YES;
				CLANG_WARN_OBJC_ROOT_CLASS = YES_ERROR;
				CLANG_WARN_RANGE_LOOP_ANALYSIS = YES;
				CLANG_WARN_STRICT_PROTOTYPES = YES;
				CLANG_WARN_SUSPICIOUS_MOVE = YES;
				CLANG_WARN_UNGUARDED_AVAILABILITY = YES_AGGRESSIVE;
				CLANG_WARN_UNREACHABLE_CODE = YES;
				CLANG_WARN__DUPLICATE_METHOD_MATCH = YES;
				CODE_SIGN_IDENTITY = "iPhone Developer";
				COPY_PHASE_STRIP = NO;
				DEBUG_INFORMATION_FORMAT = "dwarf-with-dsym";
				ENABLE_NS_ASSERTIONS = NO;
				ENABLE_STRICT_OBJC_MSGSEND = YES;
				GCC_C_LANGUAGE_STANDARD = gnu11;
				GCC_NO_COMMON_BLOCKS = YES;
				GCC_WARN_64_TO_32_BIT_CONVERSION = YES;
				GCC_WARN_ABOUT_RETURN_TYPE = YES_ERROR;
				GCC_WARN_UNDECLARED_SELECTOR = YES;
				GCC_WARN_UNINITIALIZED_AUTOS = YES_AGGRESSIVE;
				GCC_WARN_UNUSED_FUNCTION = YES;
				GCC_WARN_UNUSED_VARIABLE = YES;
				IPHONEOS_DEPLOYMENT_TARGET = 12.1;
				MTL_ENABLE_DEBUG_INFO = NO;
				MTL_FAST_MATH = YES;
				SDKROOT = iphoneos;
				SWIFT_COMPILATION_MODE = wholemodule;
				SWIFT_OPTIMIZATION_LEVEL = "-O";
				VALIDATE_PRODUCT = YES;
			};
			name = Release;
		};
		14C04B1F220FB28C0038E3D7 /* Debug */ = {
			isa = XCBuildConfiguration;
			baseConfigurationReference = 515ADAC1B8C254336537BD43 /* Pods-RestaurantsApp.debug.xcconfig */;
			buildSettings = {
				ASSETCATALOG_COMPILER_APPICON_NAME = AppIcon;
				CODE_SIGN_STYLE = Automatic;
				DEVELOPMENT_TEAM = 232776J4C5;
				INFOPLIST_FILE = RestaurantsApp/Info.plist;
				LD_RUNPATH_SEARCH_PATHS = (
					"$(inherited)",
					"@executable_path/Frameworks",
				);
				PRODUCT_BUNDLE_IDENTIFIER = com.noura.RestaurantsApp;
				PRODUCT_NAME = "$(TARGET_NAME)";
				SWIFT_VERSION = 4.2;
				TARGETED_DEVICE_FAMILY = "1,2";
			};
			name = Debug;
		};
		14C04B20220FB28C0038E3D7 /* Release */ = {
			isa = XCBuildConfiguration;
			baseConfigurationReference = B633936447B07A3050B53C56 /* Pods-RestaurantsApp.release.xcconfig */;
			buildSettings = {
				ASSETCATALOG_COMPILER_APPICON_NAME = AppIcon;
				CODE_SIGN_STYLE = Automatic;
				DEVELOPMENT_TEAM = 232776J4C5;
				INFOPLIST_FILE = RestaurantsApp/Info.plist;
				LD_RUNPATH_SEARCH_PATHS = (
					"$(inherited)",
					"@executable_path/Frameworks",
				);
				PRODUCT_BUNDLE_IDENTIFIER = com.noura.RestaurantsApp;
				PRODUCT_NAME = "$(TARGET_NAME)";
				SWIFT_VERSION = 4.2;
				TARGETED_DEVICE_FAMILY = "1,2";
			};
			name = Release;
		};
/* End XCBuildConfiguration section */

/* Begin XCConfigurationList section */
		14C04B07220FB28A0038E3D7 /* Build configuration list for PBXProject "RestaurantsApp" */ = {
			isa = XCConfigurationList;
			buildConfigurations = (
				14C04B1C220FB28C0038E3D7 /* Debug */,
				14C04B1D220FB28C0038E3D7 /* Release */,
			);
			defaultConfigurationIsVisible = 0;
			defaultConfigurationName = Release;
		};
		14C04B1E220FB28C0038E3D7 /* Build configuration list for PBXNativeTarget "RestaurantsApp" */ = {
			isa = XCConfigurationList;
			buildConfigurations = (
				14C04B1F220FB28C0038E3D7 /* Debug */,
				14C04B20220FB28C0038E3D7 /* Release */,
			);
			defaultConfigurationIsVisible = 0;
			defaultConfigurationName = Release;
		};
/* End XCConfigurationList section */
	};
	rootObject = 14C04B04220FB28A0038E3D7 /* Project object */;
}
